
Microsoft Visual Studio Solution File, Format Version 12.00
# Visual Studio Version 17
VisualStudioVersion = 17.14.36121.58 d17.14
MinimumVisualStudioVersion = 10.0.40219.1
Project("{FAE04EC0-301F-11D3-BF4B-00C04F79EFBC}") = "PickleBall", "PickleBall\PickleBall.csproj", "{FF681667-FC01-4BC9-B9AF-D72BA072B8C0}"
EndProject
Global
	GlobalSection(SolutionConfigurationPlatforms) = preSolution
		Debug|Any CPU = Debug|Any CPU
		Release|Any CPU = Release|Any CPU
	EndGlobalSection
	GlobalSection(ProjectConfigurationPlatforms) = postSolution
		{FF681667-FC01-4BC9-B9AF-D72BA072B8C0}.Debug|Any CPU.ActiveCfg = Debug|Any CPU
		{FF681667-FC01-4BC9-B9AF-D72BA072B8C0}.Debug|Any CPU.Build.0 = Debug|Any CPU
		{FF681667-FC01-4BC9-B9AF-D72BA072B8C0}.Release|Any CPU.ActiveCfg = Release|Any CPU
		{FF681667-FC01-4BC9-B9AF-D72BA072B8C0}.Release|Any CPU.Build.0 = Release|Any CPU
	EndGlobalSection
	GlobalSection(SolutionProperties) = preSolution
		HideSolutionNode = FALSE
	EndGlobalSection
	GlobalSection(ExtensibilityGlobals) = postSolution
		SolutionGuid = {3A59128F-A093-4FF6-99E1-A4A19E6A3ACB}
	EndGlobalSection
EndGlobal
